
Microsoft Visual Studio Solution File, Format Version 12.00
# Visual Studio 2012
Project("{FAE04EC0-301F-11D3-BF4B-00C04F79EFBC}") = "CSerpisGtk", "CSerpisGtk\CSerpisGtk.csproj", "{BB0A57F6-B717-4D41-B6E8-910F1F8B014F}"
EndProject
Global
	GlobalSection(SolutionConfigurationPlatforms) = preSolution
		Debug|Any CPU = Debug|Any CPU
		Release|Any CPU = Release|Any CPU
	EndGlobalSection
	GlobalSection(ProjectConfigurationPlatforms) = postSolution
		{BB0A57F6-B717-4D41-B6E8-910F1F8B014F}.Debug|Any CPU.ActiveCfg = Debug|Any CPU
		{BB0A57F6-B717-4D41-B6E8-910F1F8B014F}.Debug|Any CPU.Build.0 = Debug|Any CPU
		{BB0A57F6-B717-4D41-B6E8-910F1F8B014F}.Release|Any CPU.ActiveCfg = Release|Any CPU
		{BB0A57F6-B717-4D41-B6E8-910F1F8B014F}.Release|Any CPU.Build.0 = Release|Any CPU
	EndGlobalSection
EndGlobal
